{
  "name": "language-concat",
  "version": "0.1.0",
  "lockfileVersion": 1,
  "requires": true,
  "dependencies": {
    "@types/atom": {
      "version": "1.40.11",
      "resolved": "https://registry.npmjs.org/@types/atom/-/atom-1.40.11.tgz",
      "integrity": "sha512-TsPltugw2wKtR5p6ICv73t9kxdx59fTfdcD8Xe/0EEjF5vHBz99Z7Kj/rPRpyM/4ZcY1GrkQh8hgOw/OJRCs0g==",
      "dev": true,
      "requires": {
        "@types/node": "*"
      }
    },
    "@types/node": {
      "version": "18.11.18",
      "resolved": "https://registry.npmjs.org/@types/node/-/node-18.11.18.tgz",
      "integrity": "sha512-DHQpWGjyQKSHj3ebjFI/wRKcqQcdR+MoFBygntYOZytCqNfkd2ZC4ARDJ2DQqhjH5p85Nnd3jhUJIXrszFX/JA==",
      "dev": true
    },
    "atom-ts-transpiler": {
      "version": "1.5.3",
      "resolved": "https://registry.npmjs.org/atom-ts-transpiler/-/atom-ts-transpiler-1.5.3.tgz",
      "integrity": "sha512-9fOM2w/cCh5IdhrmoBR4aEXKpPJ39cjoEADcLbx3z0b6/m3Ij2ZyyupljPJFmnYEdjtXVk/G/V7H6SLfK3ALxQ=="
    },
    "jquery": {
      "version": "2.2.4",
      "resolved": "https://registry.npmjs.org/jquery/-/jquery-2.2.4.tgz",
      "integrity": "sha512-lBHj60ezci2u1v2FqnZIraShGgEXq35qCzMv4lITyHGppTnA13rwR0MgwyNJh9TnDs3aXUvd1xjAotfraMHX/Q=="
    },
    "typescript": {
      "version": "4.9.4",
      "resolved": "https://registry.npmjs.org/typescript/-/typescript-4.9.4.tgz",
      "integrity": "sha512-Uz+dTXYzxXXbsFpM86Wh3dKCxrQqUcVMxwU54orwlJjOpO3ao8L7j5lH+dWfTwgCwIuM9GQ2kvVotzYJMXTBZg=="
    }
  }
}
